
Microsoft Visual Studio Solution File, Format Version 12.00
# Visual Studio Version 16
VisualStudioVersion = 16.0.29326.143
MinimumVisualStudioVersion = 10.0.40219.1
Project("{FAE04EC0-301F-11D3-BF4B-00C04F79EFBC}") = "practicando", "practicando.csproj", "{9023B5B6-F4CC-404C-B30E-C1EFD4035605}"
EndProject
Global
	GlobalSection(SolutionConfigurationPlatforms) = preSolution
		Debug|Any CPU = Debug|Any CPU
		Release|Any CPU = Release|Any CPU
	EndGlobalSection
	GlobalSection(ProjectConfigurationPlatforms) = postSolution
		{9023B5B6-F4CC-404C-B30E-C1EFD4035605}.Debug|Any CPU.ActiveCfg = Debug|Any CPU
		{9023B5B6-F4CC-404C-B30E-C1EFD4035605}.Debug|Any CPU.Build.0 = Debug|Any CPU
		{9023B5B6-F4CC-404C-B30E-C1EFD4035605}.Release|Any CPU.ActiveCfg = Release|Any CPU
		{9023B5B6-F4CC-404C-B30E-C1EFD4035605}.Release|Any CPU.Build.0 = Release|Any CPU
	EndGlobalSection
	GlobalSection(SolutionProperties) = preSolution
		HideSolutionNode = FALSE
	EndGlobalSection
	GlobalSection(ExtensibilityGlobals) = postSolution
		SolutionGuid = {BF6ADE1B-3D47-4EF7-954C-10548E9EFD9E}
	EndGlobalSection
EndGlobal
