
Microsoft Visual Studio Solution File, Format Version 12.00
# Visual Studio Version 16
VisualStudioVersion = 16.0.29709.97
MinimumVisualStudioVersion = 10.0.40219.1
Project("{FAE04EC0-301F-11D3-BF4B-00C04F79EFBC}") = "Examen", "Examen.csproj", "{A3410A80-4C9D-487E-BEDB-F60DEDFBCEBD}"
EndProject
Global
	GlobalSection(SolutionConfigurationPlatforms) = preSolution
		Debug|Any CPU = Debug|Any CPU
		Release|Any CPU = Release|Any CPU
	EndGlobalSection
	GlobalSection(ProjectConfigurationPlatforms) = postSolution
		{A3410A80-4C9D-487E-BEDB-F60DEDFBCEBD}.Debug|Any CPU.ActiveCfg = Debug|Any CPU
		{A3410A80-4C9D-487E-BEDB-F60DEDFBCEBD}.Debug|Any CPU.Build.0 = Debug|Any CPU
		{A3410A80-4C9D-487E-BEDB-F60DEDFBCEBD}.Release|Any CPU.ActiveCfg = Release|Any CPU
		{A3410A80-4C9D-487E-BEDB-F60DEDFBCEBD}.Release|Any CPU.Build.0 = Release|Any CPU
	EndGlobalSection
	GlobalSection(SolutionProperties) = preSolution
		HideSolutionNode = FALSE
	EndGlobalSection
	GlobalSection(ExtensibilityGlobals) = postSolution
		SolutionGuid = {6514DD31-652B-466B-8EEB-6C09AD413FF4}
	EndGlobalSection
EndGlobal
