
Microsoft Visual Studio Solution File, Format Version 12.00
# Visual Studio Version 16
VisualStudioVersion = 16.0.29326.143
MinimumVisualStudioVersion = 10.0.40219.1
Project("{FAE04EC0-301F-11D3-BF4B-00C04F79EFBC}") = "ConsoleApp6", "ConsoleApp6.csproj", "{DD8CAB5F-CDE4-4FCC-905D-F5D4A7F90D84}"
EndProject
Global
	GlobalSection(SolutionConfigurationPlatforms) = preSolution
		Debug|Any CPU = Debug|Any CPU
		Release|Any CPU = Release|Any CPU
	EndGlobalSection
	GlobalSection(ProjectConfigurationPlatforms) = postSolution
		{DD8CAB5F-CDE4-4FCC-905D-F5D4A7F90D84}.Debug|Any CPU.ActiveCfg = Debug|Any CPU
		{DD8CAB5F-CDE4-4FCC-905D-F5D4A7F90D84}.Debug|Any CPU.Build.0 = Debug|Any CPU
		{DD8CAB5F-CDE4-4FCC-905D-F5D4A7F90D84}.Release|Any CPU.ActiveCfg = Release|Any CPU
		{DD8CAB5F-CDE4-4FCC-905D-F5D4A7F90D84}.Release|Any CPU.Build.0 = Release|Any CPU
	EndGlobalSection
	GlobalSection(SolutionProperties) = preSolution
		HideSolutionNode = FALSE
	EndGlobalSection
	GlobalSection(ExtensibilityGlobals) = postSolution
		SolutionGuid = {816B9E9E-5075-46B9-A749-F08E9D93B0CA}
	EndGlobalSection
EndGlobal
